# @generated by Move, please check-in and do not edit manually.

[move]
version = 1
manifest_digest = "F333C6417FA4B6C19B3A8FF136921B58FAB5AEBAA33DFA2218B8ACEDCE906B3F"
deps_digest = "F8BBB0CCB2491CA29A3DF03D6F92277A4F3574266507ACD77214D37ECA3F3082"
dependencies = [
  { name = "Sui" },
]

[[move.package]]
name = "MoveStdlib"
source = { git = "https://github.com/MystenLabs/sui.git", rev = "framework/testnet", subdir = "crates/sui-framework/packages/move-stdlib" }

[[move.package]]
name = "Sui"
source = { git = "https://github.com/MystenLabs/sui.git", rev = "framework/testnet", subdir = "crates/sui-framework/packages/sui-framework" }

dependencies = [
  { name = "MoveStdlib" },
]

[move.toolchain-version]
compiler-version = "1.34.0"
edition = "2024.beta"
flavor = "sui"

[env]

[env.testnet]
chain-id = "4c78adac"
original-published-id = "0xfd100fd4f74c8e3b6cc0a6f04c331798e9c713afc2a64560310ffa690f2a3ba9"
latest-published-id = "0xfd100fd4f74c8e3b6cc0a6f04c331798e9c713afc2a64560310ffa690f2a3ba9"
published-version = "1"

[env.mainnet]
chain-id = "35834a8a"
original-published-id = "0x7b5b723e574eb3d7ee916aaf281c0089b15ced71668924b7a75f421feefd35d1"
latest-published-id = "0x7b5b723e574eb3d7ee916aaf281c0089b15ced71668924b7a75f421feefd35d1"
published-version = "1"
